
Microsoft Visual Studio Solution File, Format Version 12.00
# Visual Studio Version 17
VisualStudioVersion = 17.7.34024.191
MinimumVisualStudioVersion = 10.0.40219.1
Project("{FAE04EC0-301F-11D3-BF4B-00C04F79EFBC}") = "BulkyWeb", "BulkyWeb\BulkyWeb.csproj", "{72DC5DEE-7B21-4CDC-BF2D-E62F4C6B3BC5}"
EndProject
Global
	GlobalSection(SolutionConfigurationPlatforms) = preSolution
		Debug|Any CPU = Debug|Any CPU
		Release|Any CPU = Release|Any CPU
	EndGlobalSection
	GlobalSection(ProjectConfigurationPlatforms) = postSolution
		{72DC5DEE-7B21-4CDC-BF2D-E62F4C6B3BC5}.Debug|Any CPU.ActiveCfg = Debug|Any CPU
		{72DC5DEE-7B21-4CDC-BF2D-E62F4C6B3BC5}.Debug|Any CPU.Build.0 = Debug|Any CPU
		{72DC5DEE-7B21-4CDC-BF2D-E62F4C6B3BC5}.Release|Any CPU.ActiveCfg = Release|Any CPU
		{72DC5DEE-7B21-4CDC-BF2D-E62F4C6B3BC5}.Release|Any CPU.Build.0 = Release|Any CPU
	EndGlobalSection
	GlobalSection(SolutionProperties) = preSolution
		HideSolutionNode = FALSE
	EndGlobalSection
	GlobalSection(ExtensibilityGlobals) = postSolution
		SolutionGuid = {3E79B0C5-278F-4D9A-B268-7F0054F463F7}
	EndGlobalSection
EndGlobal
